
Microsoft Visual Studio Solution File, Format Version 12.00
# Visual Studio for Mac
Project("{FAE04EC0-301F-11D3-BF4B-00C04F79EFBC}") = "Assembly-CSharp", "Assembly-CSharp.csproj", "{451D088F-F008-01CA-154E-93F7798C1F85}"
EndProject
Project("{FAE04EC0-301F-11D3-BF4B-00C04F79EFBC}") = "Assembly-CSharp-Editor", "Assembly-CSharp-Editor.csproj", "{27361E5E-D4AC-4902-7F00-F853232F9902}"
EndProject
Global
	GlobalSection(SolutionConfigurationPlatforms) = preSolution
		Debug|Any CPU = Debug|Any CPU
		Release|Any CPU = Release|Any CPU
	EndGlobalSection
	GlobalSection(ProjectConfigurationPlatforms) = postSolution
		{451D088F-F008-01CA-154E-93F7798C1F85}.Debug|Any CPU.ActiveCfg = Debug|Any CPU
		{451D088F-F008-01CA-154E-93F7798C1F85}.Debug|Any CPU.Build.0 = Debug|Any CPU
		{451D088F-F008-01CA-154E-93F7798C1F85}.Release|Any CPU.ActiveCfg = Release|Any CPU
		{451D088F-F008-01CA-154E-93F7798C1F85}.Release|Any CPU.Build.0 = Release|Any CPU
		{27361E5E-D4AC-4902-7F00-F853232F9902}.Debug|Any CPU.ActiveCfg = Debug|Any CPU
		{27361E5E-D4AC-4902-7F00-F853232F9902}.Debug|Any CPU.Build.0 = Debug|Any CPU
		{27361E5E-D4AC-4902-7F00-F853232F9902}.Release|Any CPU.ActiveCfg = Release|Any CPU
		{27361E5E-D4AC-4902-7F00-F853232F9902}.Release|Any CPU.Build.0 = Release|Any CPU
	EndGlobalSection
	GlobalSection(SolutionProperties) = preSolution
		HideSolutionNode = FALSE
	EndGlobalSection
EndGlobal
